// !$*UTF8*$!
{
	archiveVersion = 1;
	classes = {
	};
	objectVersion = 46;
	objects = {

/* Begin PBXBuildFile section */
		5F0FFCBC1A992D9A005F234F /* MapViewController.m in Sources */ = {isa = PBXBuildFile; fileRef = 5F0FFCBB1A992D9A005F234F /* MapViewController.m */; };
		5F0FFCBF1A99332A005F234F /* MapPin.m in Sources */ = {isa = PBXBuildFile; fileRef = 5F0FFCBE1A99332A005F234F /* MapPin.m */; };
		5F0FFCC41A99488D005F234F /* PinAnnotationView.m in Sources */ = {isa = PBXBuildFile; fileRef = 5F0FFCC31A99488D005F234F /* PinAnnotationView.m */; };
		5F0FFCCB1A9951A7005F234F /* GetHelpViewController.m in Sources */ = {isa = PBXBuildFile; fileRef = 5F0FFCC91A9951A7005F234F /* GetHelpViewController.m */; };
		5F0FFCCC1A9951A7005F234F /* GetHelpViewController.xib in Resources */ = {isa = PBXBuildFile; fileRef = 5F0FFCCA1A9951A7005F234F /* GetHelpViewController.xib */; };
		5F0FFCCF1A9951D5005F234F /* NPKeyboardAvoidanceView.m in Sources */ = {isa = PBXBuildFile; fileRef = 5F0FFCCE1A9951D5005F234F /* NPKeyboardAvoidanceView.m */; };
		5F9582A01A9988E200144DF6 /* RequestTableViewController.m in Sources */ = {isa = PBXBuildFile; fileRef = 5F95829E1A9988E200144DF6 /* RequestTableViewController.m */; };
		5F9582A31A99896400144DF6 /* RequestTableStoryboard.storyboard in Resources */ = {isa = PBXBuildFile; fileRef = 5F9582A21A99896400144DF6 /* RequestTableStoryboard.storyboard */; };
		5F9582A61A998CF200144DF6 /* RequestTableViewCell.m in Sources */ = {isa = PBXBuildFile; fileRef = 5F9582A51A998CF200144DF6 /* RequestTableViewCell.m */; };
		5F9582A91A99963B00144DF6 /* NSSadboys2001.m in Sources */ = {isa = PBXBuildFile; fileRef = 5F9582A81A99963B00144DF6 /* NSSadboys2001.m */; };
		5F9582AC1A99A6D300144DF6 /* FeedCardView.m in Sources */ = {isa = PBXBuildFile; fileRef = F8C9769B1A99466C00FC2831 /* FeedCardView.m */; };
		5F9582AE1A99B30200144DF6 /* Launch Screen.xib in Resources */ = {isa = PBXBuildFile; fileRef = 5F9582AD1A99B30200144DF6 /* Launch Screen.xib */; };
		5FE1F7C41A987EB400394947 /* main.m in Sources */ = {isa = PBXBuildFile; fileRef = 5FE1F7C31A987EB400394947 /* main.m */; };
		5FE1F7D21A987EB400394947 /* Images.xcassets in Resources */ = {isa = PBXBuildFile; fileRef = 5FE1F7D11A987EB400394947 /* Images.xcassets */; };
		5FE1F7E11A987EB500394947 /* PopcornTests.m in Sources */ = {isa = PBXBuildFile; fileRef = 5FE1F7E01A987EB500394947 /* PopcornTests.m */; };
		CCBB92819F070F06E2A12679 /* libPods-Popcorn.a in Frameworks */ = {isa = PBXBuildFile; fileRef = 66A1C386B7473947F66EE66F /* libPods-Popcorn.a */; };
		F8B23F791A996C8D00F2CF01 /* AppDelegate.m in Sources */ = {isa = PBXBuildFile; fileRef = 5FE1F7C61A987EB400394947 /* AppDelegate.m */; };
		F8B23F7A1A996C9B00F2CF01 /* EventTableViewController.m in Sources */ = {isa = PBXBuildFile; fileRef = F8C9768F1A98A55600FC2831 /* EventTableViewController.m */; };
		F8B23F7D1A99726F00F2CF01 /* UpdateComposerViewController.m in Sources */ = {isa = PBXBuildFile; fileRef = F8B23F7C1A99726F00F2CF01 /* UpdateComposerViewController.m */; };
		F8C976891A988ADB00FC2831 /* LoginViewController.m in Sources */ = {isa = PBXBuildFile; fileRef = F8C976871A988ADB00FC2831 /* LoginViewController.m */; };
		F8C976931A991A9A00FC2831 /* EventTabBarViewController.m in Sources */ = {isa = PBXBuildFile; fileRef = F8C976921A991A9A00FC2831 /* EventTabBarViewController.m */; };
		F8C976961A991F5400FC2831 /* FeedTableViewController.m in Sources */ = {isa = PBXBuildFile; fileRef = F8C976951A991F5400FC2831 /* FeedTableViewController.m */; };
/* End PBXBuildFile section */

/* Begin PBXContainerItemProxy section */
		5FE1F7DB1A987EB500394947 /* PBXContainerItemProxy */ = {
			isa = PBXContainerItemProxy;
			containerPortal = 5FE1F7B61A987EB400394947 /* Project object */;
			proxyType = 1;
			remoteGlobalIDString = 5FE1F7BD1A987EB400394947;
			remoteInfo = Popcorn;
		};
/* End PBXContainerItemProxy section */

/* Begin PBXFileReference section */
		2D2EBBB7CE2E552F35977987 /* Pods-Popcorn.debug.xcconfig */ = {isa = PBXFileReference; includeInIndex = 1; lastKnownFileType = text.xcconfig; name = "Pods-Popcorn.debug.xcconfig"; path = "Pods/Target Support Files/Pods-Popcorn/Pods-Popcorn.debug.xcconfig"; sourceTree = "<group>"; };
		5F0FFCBA1A992D9A005F234F /* MapViewController.h */ = {isa = PBXFileReference; fileEncoding = 4; lastKnownFileType = sourcecode.c.h; path = MapViewController.h; sourceTree = "<group>"; };
		5F0FFCBB1A992D9A005F234F /* MapViewController.m */ = {isa = PBXFileReference; fileEncoding = 4; lastKnownFileType = sourcecode.c.objc; path = MapViewController.m; sourceTree = "<group>"; };
		5F0FFCBD1A99332A005F234F /* MapPin.h */ = {isa = PBXFileReference; fileEncoding = 4; lastKnownFileType = sourcecode.c.h; path = MapPin.h; sourceTree = "<group>"; };
		5F0FFCBE1A99332A005F234F /* MapPin.m */ = {isa = PBXFileReference; fileEncoding = 4; lastKnownFileType = sourcecode.c.objc; path = MapPin.m; sourceTree = "<group>"; };
		5F0FFCC21A99488D005F234F /* PinAnnotationView.h */ = {isa = PBXFileReference; fileEncoding = 4; lastKnownFileType = sourcecode.c.h; path = PinAnnotationView.h; sourceTree = "<group>"; };
		5F0FFCC31A99488D005F234F /* PinAnnotationView.m */ = {isa = PBXFileReference; fileEncoding = 4; lastKnownFileType = sourcecode.c.objc; path = PinAnnotationView.m; sourceTree = "<group>"; };
		5F0FFCC81A9951A7005F234F /* GetHelpViewController.h */ = {isa = PBXFileReference; fileEncoding = 4; lastKnownFileType = sourcecode.c.h; path = GetHelpViewController.h; sourceTree = "<group>"; };
		5F0FFCC91A9951A7005F234F /* GetHelpViewController.m */ = {isa = PBXFileReference; fileEncoding = 4; lastKnownFileType = sourcecode.c.objc; path = GetHelpViewController.m; sourceTree = "<group>"; };
		5F0FFCCA1A9951A7005F234F /* GetHelpViewController.xib */ = {isa = PBXFileReference; fileEncoding = 4; lastKnownFileType = file.xib; path = GetHelpViewController.xib; sourceTree = "<group>"; };
		5F0FFCCD1A9951CE005F234F /* NPKeyboardAvoidanceView.h */ = {isa = PBXFileReference; lastKnownFileType = sourcecode.c.h; path = NPKeyboardAvoidanceView.h; sourceTree = "<group>"; };
		5F0FFCCE1A9951D5005F234F /* NPKeyboardAvoidanceView.m */ = {isa = PBXFileReference; fileEncoding = 4; lastKnownFileType = sourcecode.c.objc; path = NPKeyboardAvoidanceView.m; sourceTree = "<group>"; };
		5F95829D1A9988E200144DF6 /* RequestTableViewController.h */ = {isa = PBXFileReference; fileEncoding = 4; lastKnownFileType = sourcecode.c.h; path = RequestTableViewController.h; sourceTree = "<group>"; };
		5F95829E1A9988E200144DF6 /* RequestTableViewController.m */ = {isa = PBXFileReference; fileEncoding = 4; lastKnownFileType = sourcecode.c.objc; path = RequestTableViewController.m; sourceTree = "<group>"; };
		5F9582A21A99896400144DF6 /* RequestTableStoryboard.storyboard */ = {isa = PBXFileReference; fileEncoding = 4; lastKnownFileType = file.storyboard; path = RequestTableStoryboard.storyboard; sourceTree = "<group>"; };
		5F9582A41A998CF200144DF6 /* RequestTableViewCell.h */ = {isa = PBXFileReference; fileEncoding = 4; lastKnownFileType = sourcecode.c.h; path = RequestTableViewCell.h; sourceTree = "<group>"; };
		5F9582A51A998CF200144DF6 /* RequestTableViewCell.m */ = {isa = PBXFileReference; fileEncoding = 4; lastKnownFileType = sourcecode.c.objc; path = RequestTableViewCell.m; sourceTree = "<group>"; };
		5F9582A71A99963B00144DF6 /* NSSadboys2001.h */ = {isa = PBXFileReference; fileEncoding = 4; lastKnownFileType = sourcecode.c.h; path = NSSadboys2001.h; sourceTree = "<group>"; };
		5F9582A81A99963B00144DF6 /* NSSadboys2001.m */ = {isa = PBXFileReference; fileEncoding = 4; lastKnownFileType = sourcecode.c.objc; path = NSSadboys2001.m; sourceTree = "<group>"; };
		5F9582AD1A99B30200144DF6 /* Launch Screen.xib */ = {isa = PBXFileReference; fileEncoding = 4; lastKnownFileType = file.xib; path = "Launch Screen.xib"; sourceTree = "<group>"; };
		5FE1F7BE1A987EB400394947 /* Popcorn.app */ = {isa = PBXFileReference; explicitFileType = wrapper.application; includeInIndex = 0; path = Popcorn.app; sourceTree = BUILT_PRODUCTS_DIR; };
		5FE1F7C21A987EB400394947 /* Info.plist */ = {isa = PBXFileReference; lastKnownFileType = text.plist.xml; path = Info.plist; sourceTree = "<group>"; };
		5FE1F7C31A987EB400394947 /* main.m */ = {isa = PBXFileReference; lastKnownFileType = sourcecode.c.objc; path = main.m; sourceTree = "<group>"; };
		5FE1F7C51A987EB400394947 /* AppDelegate.h */ = {isa = PBXFileReference; lastKnownFileType = sourcecode.c.h; path = AppDelegate.h; sourceTree = "<group>"; };
		5FE1F7C61A987EB400394947 /* AppDelegate.m */ = {isa = PBXFileReference; lastKnownFileType = sourcecode.c.objc; path = AppDelegate.m; sourceTree = "<group>"; };
		5FE1F7D11A987EB400394947 /* Images.xcassets */ = {isa = PBXFileReference; lastKnownFileType = folder.assetcatalog; path = Images.xcassets; sourceTree = "<group>"; };
		5FE1F7DA1A987EB500394947 /* PopcornTests.xctest */ = {isa = PBXFileReference; explicitFileType = wrapper.cfbundle; includeInIndex = 0; path = PopcornTests.xctest; sourceTree = BUILT_PRODUCTS_DIR; };
		5FE1F7DF1A987EB500394947 /* Info.plist */ = {isa = PBXFileReference; lastKnownFileType = text.plist.xml; path = Info.plist; sourceTree = "<group>"; };
		5FE1F7E01A987EB500394947 /* PopcornTests.m */ = {isa = PBXFileReference; lastKnownFileType = sourcecode.c.objc; path = PopcornTests.m; sourceTree = "<group>"; };
		66A1C386B7473947F66EE66F /* libPods-Popcorn.a */ = {isa = PBXFileReference; explicitFileType = archive.ar; includeInIndex = 0; path = "libPods-Popcorn.a"; sourceTree = BUILT_PRODUCTS_DIR; };
		77C589BCFF9B088870F68790 /* Pods-Popcorn.release.xcconfig */ = {isa = PBXFileReference; includeInIndex = 1; lastKnownFileType = text.xcconfig; name = "Pods-Popcorn.release.xcconfig"; path = "Pods/Target Support Files/Pods-Popcorn/Pods-Popcorn.release.xcconfig"; sourceTree = "<group>"; };
		F8B23F7B1A99726F00F2CF01 /* UpdateComposerViewController.h */ = {isa = PBXFileReference; fileEncoding = 4; lastKnownFileType = sourcecode.c.h; path = UpdateComposerViewController.h; sourceTree = "<group>"; };
		F8B23F7C1A99726F00F2CF01 /* UpdateComposerViewController.m */ = {isa = PBXFileReference; fileEncoding = 4; lastKnownFileType = sourcecode.c.objc; path = UpdateComposerViewController.m; sourceTree = "<group>"; };
		F8C976871A988ADB00FC2831 /* LoginViewController.m */ = {isa = PBXFileReference; fileEncoding = 4; lastKnownFileType = sourcecode.c.objc; path = LoginViewController.m; sourceTree = "<group>"; };
		F8C976881A988ADB00FC2831 /* LoginViewController.h */ = {isa = PBXFileReference; fileEncoding = 4; lastKnownFileType = sourcecode.c.h; path = LoginViewController.h; sourceTree = "<group>"; };
		F8C9768E1A98A55600FC2831 /* EventTableViewController.h */ = {isa = PBXFileReference; fileEncoding = 4; lastKnownFileType = sourcecode.c.h; path = EventTableViewController.h; sourceTree = "<group>"; };
		F8C9768F1A98A55600FC2831 /* EventTableViewController.m */ = {isa = PBXFileReference; fileEncoding = 4; lastKnownFileType = sourcecode.c.objc; path = EventTableViewController.m; sourceTree = "<group>"; };
		F8C976911A991A9A00FC2831 /* EventTabBarViewController.h */ = {isa = PBXFileReference; fileEncoding = 4; lastKnownFileType = sourcecode.c.h; path = EventTabBarViewController.h; sourceTree = "<group>"; };
		F8C976921A991A9A00FC2831 /* EventTabBarViewController.m */ = {isa = PBXFileReference; fileEncoding = 4; lastKnownFileType = sourcecode.c.objc; path = EventTabBarViewController.m; sourceTree = "<group>"; };
		F8C976941A991F5400FC2831 /* FeedTableViewController.h */ = {isa = PBXFileReference; fileEncoding = 4; lastKnownFileType = sourcecode.c.h; path = FeedTableViewController.h; sourceTree = "<group>"; };
		F8C976951A991F5400FC2831 /* FeedTableViewController.m */ = {isa = PBXFileReference; fileEncoding = 4; lastKnownFileType = sourcecode.c.objc; path = FeedTableViewController.m; sourceTree = "<group>"; };
		F8C9769A1A99466C00FC2831 /* FeedCardView.h */ = {isa = PBXFileReference; fileEncoding = 4; lastKnownFileType = sourcecode.c.h; path = FeedCardView.h; sourceTree = "<group>"; };
		F8C9769B1A99466C00FC2831 /* FeedCardView.m */ = {isa = PBXFileReference; fileEncoding = 4; lastKnownFileType = sourcecode.c.objc; path = FeedCardView.m; sourceTree = "<group>"; };
/* End PBXFileReference section */

/* Begin PBXFrameworksBuildPhase section */
		5FE1F7BB1A987EB400394947 /* Frameworks */ = {
			isa = PBXFrameworksBuildPhase;
			buildActionMask = 2147483647;
			files = (
				CCBB92819F070F06E2A12679 /* libPods-Popcorn.a in Frameworks */,
			);
			runOnlyForDeploymentPostprocessing = 0;
		};
		5FE1F7D71A987EB500394947 /* Frameworks */ = {
			isa = PBXFrameworksBuildPhase;
			buildActionMask = 2147483647;
			files = (
			);
			runOnlyForDeploymentPostprocessing = 0;
		};
/* End PBXFrameworksBuildPhase section */

/* Begin PBXGroup section */
		01A0678A054E2B8389D2A16C /* Frameworks */ = {
			isa = PBXGroup;
			children = (
				66A1C386B7473947F66EE66F /* libPods-Popcorn.a */,
			);
			name = Frameworks;
			sourceTree = "<group>";
		};
		1A42F86AAED670311599DF01 /* Pods */ = {
			isa = PBXGroup;
			children = (
				2D2EBBB7CE2E552F35977987 /* Pods-Popcorn.debug.xcconfig */,
				77C589BCFF9B088870F68790 /* Pods-Popcorn.release.xcconfig */,
			);
			name = Pods;
			sourceTree = "<group>";
		};
		5FE1F7B51A987EB400394947 = {
			isa = PBXGroup;
			children = (
				5FE1F7C01A987EB400394947 /* Popcorn */,
				5FE1F7DD1A987EB500394947 /* PopcornTests */,
				5FE1F7BF1A987EB400394947 /* Products */,
				1A42F86AAED670311599DF01 /* Pods */,
				01A0678A054E2B8389D2A16C /* Frameworks */,
			);
			sourceTree = "<group>";
		};
		5FE1F7BF1A987EB400394947 /* Products */ = {
			isa = PBXGroup;
			children = (
				5FE1F7BE1A987EB400394947 /* Popcorn.app */,
				5FE1F7DA1A987EB500394947 /* PopcornTests.xctest */,
			);
			name = Products;
			sourceTree = "<group>";
		};
		5FE1F7C01A987EB400394947 /* Popcorn */ = {
			isa = PBXGroup;
			children = (
				5FE1F7C51A987EB400394947 /* AppDelegate.h */,
				5FE1F7C61A987EB400394947 /* AppDelegate.m */,
				F8C9768E1A98A55600FC2831 /* EventTableViewController.h */,
				F8C9768F1A98A55600FC2831 /* EventTableViewController.m */,
				F8C976881A988ADB00FC2831 /* LoginViewController.h */,
				F8C976871A988ADB00FC2831 /* LoginViewController.m */,
				F8C976911A991A9A00FC2831 /* EventTabBarViewController.h */,
				F8C976921A991A9A00FC2831 /* EventTabBarViewController.m */,
				F8C976941A991F5400FC2831 /* FeedTableViewController.h */,
				F8C976951A991F5400FC2831 /* FeedTableViewController.m */,
				5F0FFCC81A9951A7005F234F /* GetHelpViewController.h */,
				5F0FFCC91A9951A7005F234F /* GetHelpViewController.m */,
				5F0FFCCA1A9951A7005F234F /* GetHelpViewController.xib */,
				5F0FFCBA1A992D9A005F234F /* MapViewController.h */,
				F8B23F7B1A99726F00F2CF01 /* UpdateComposerViewController.h */,
				F8B23F7C1A99726F00F2CF01 /* UpdateComposerViewController.m */,
				5F0FFCBB1A992D9A005F234F /* MapViewController.m */,
				5F0FFCCD1A9951CE005F234F /* NPKeyboardAvoidanceView.h */,
				5F0FFCCE1A9951D5005F234F /* NPKeyboardAvoidanceView.m */,
				5F0FFCC21A99488D005F234F /* PinAnnotationView.h */,
				5F0FFCC31A99488D005F234F /* PinAnnotationView.m */,
				5F0FFCBD1A99332A005F234F /* MapPin.h */,
				5F0FFCBE1A99332A005F234F /* MapPin.m */,
				F8C9769A1A99466C00FC2831 /* FeedCardView.h */,
				F8C9769B1A99466C00FC2831 /* FeedCardView.m */,
				5F95829D1A9988E200144DF6 /* RequestTableViewController.h */,
				5F95829E1A9988E200144DF6 /* RequestTableViewController.m */,
				5F9582A21A99896400144DF6 /* RequestTableStoryboard.storyboard */,
				5F9582A41A998CF200144DF6 /* RequestTableViewCell.h */,
				5F9582A51A998CF200144DF6 /* RequestTableViewCell.m */,
				5F9582A71A99963B00144DF6 /* NSSadboys2001.h */,
				5F9582A81A99963B00144DF6 /* NSSadboys2001.m */,
				5FE1F7D11A987EB400394947 /* Images.xcassets */,
				5F9582AD1A99B30200144DF6 /* Launch Screen.xib */,
				5FE1F7C11A987EB400394947 /* Supporting Files */,
			);
			path = Popcorn;
			sourceTree = "<group>";
		};
		5FE1F7C11A987EB400394947 /* Supporting Files */ = {
			isa = PBXGroup;
			children = (
				5FE1F7C21A987EB400394947 /* Info.plist */,
				5FE1F7C31A987EB400394947 /* main.m */,
			);
			name = "Supporting Files";
			sourceTree = "<group>";
		};
		5FE1F7DD1A987EB500394947 /* PopcornTests */ = {
			isa = PBXGroup;
			children = (
				5FE1F7E01A987EB500394947 /* PopcornTests.m */,
				5FE1F7DE1A987EB500394947 /* Supporting Files */,
			);
			path = PopcornTests;
			sourceTree = "<group>";
		};
		5FE1F7DE1A987EB500394947 /* Supporting Files */ = {
			isa = PBXGroup;
			children = (
				5FE1F7DF1A987EB500394947 /* Info.plist */,
			);
			name = "Supporting Files";
			sourceTree = "<group>";
		};
/* End PBXGroup section */

/* Begin PBXNativeTarget section */
		5FE1F7BD1A987EB400394947 /* Popcorn */ = {
			isa = PBXNativeTarget;
			buildConfigurationList = 5FE1F7E41A987EB500394947 /* Build configuration list for PBXNativeTarget "Popcorn" */;
			buildPhases = (
				0ADB6E6A8C5AF798A18BF28F /* Check Pods Manifest.lock */,
				5FE1F7BA1A987EB400394947 /* Sources */,
				5FE1F7BB1A987EB400394947 /* Frameworks */,
				5FE1F7BC1A987EB400394947 /* Resources */,
				E334E1AF0093EF76FCD21A05 /* Copy Pods Resources */,
			);
			buildRules = (
			);
			dependencies = (
			);
			name = Popcorn;
			productName = Popcorn;
			productReference = 5FE1F7BE1A987EB400394947 /* Popcorn.app */;
			productType = "com.apple.product-type.application";
		};
		5FE1F7D91A987EB500394947 /* PopcornTests */ = {
			isa = PBXNativeTarget;
			buildConfigurationList = 5FE1F7E71A987EB500394947 /* Build configuration list for PBXNativeTarget "PopcornTests" */;
			buildPhases = (
				5FE1F7D61A987EB500394947 /* Sources */,
				5FE1F7D71A987EB500394947 /* Frameworks */,
				5FE1F7D81A987EB500394947 /* Resources */,
			);
			buildRules = (
			);
			dependencies = (
				5FE1F7DC1A987EB500394947 /* PBXTargetDependency */,
			);
			name = PopcornTests;
			productName = PopcornTests;
			productReference = 5FE1F7DA1A987EB500394947 /* PopcornTests.xctest */;
			productType = "com.apple.product-type.bundle.unit-test";
		};
/* End PBXNativeTarget section */

/* Begin PBXProject section */
		5FE1F7B61A987EB400394947 /* Project object */ = {
			isa = PBXProject;
			attributes = {
				LastUpgradeCheck = 0610;
				ORGANIZATIONNAME = "Nate Parrott";
				TargetAttributes = {
					5FE1F7BD1A987EB400394947 = {
						CreatedOnToolsVersion = 6.1;
					};
					5FE1F7D91A987EB500394947 = {
						CreatedOnToolsVersion = 6.1;
						TestTargetID = 5FE1F7BD1A987EB400394947;
					};
				};
			};
			buildConfigurationList = 5FE1F7B91A987EB400394947 /* Build configuration list for PBXProject "Popcorn" */;
			compatibilityVersion = "Xcode 3.2";
			developmentRegion = English;
			hasScannedForEncodings = 0;
			knownRegions = (
				en,
				Base,
			);
			mainGroup = 5FE1F7B51A987EB400394947;
			productRefGroup = 5FE1F7BF1A987EB400394947 /* Products */;
			projectDirPath = "";
			projectRoot = "";
			targets = (
				5FE1F7BD1A987EB400394947 /* Popcorn */,
				5FE1F7D91A987EB500394947 /* PopcornTests */,
			);
		};
/* End PBXProject section */

/* Begin PBXResourcesBuildPhase section */
		5FE1F7BC1A987EB400394947 /* Resources */ = {
			isa = PBXResourcesBuildPhase;
			buildActionMask = 2147483647;
			files = (
				5F9582A31A99896400144DF6 /* RequestTableStoryboard.storyboard in Resources */,
				5F9582AE1A99B30200144DF6 /* Launch Screen.xib in Resources */,
				5F0FFCCC1A9951A7005F234F /* GetHelpViewController.xib in Resources */,
				5FE1F7D21A987EB400394947 /* Images.xcassets in Resources */,
			);
			runOnlyForDeploymentPostprocessing = 0;
		};
		5FE1F7D81A987EB500394947 /* Resources */ = {
			isa = PBXResourcesBuildPhase;
			buildActionMask = 2147483647;
			files = (
			);
			runOnlyForDeploymentPostprocessing = 0;
		};
/* End PBXResourcesBuildPhase section */

/* Begin PBXShellScriptBuildPhase section */
		0ADB6E6A8C5AF798A18BF28F /* Check Pods Manifest.lock */ = {
			isa = PBXShellScriptBuildPhase;
			buildActionMask = 2147483647;
			files = (
			);
			inputPaths = (
			);
			name = "Check Pods Manifest.lock";
			outputPaths = (
			);
			runOnlyForDeploymentPostprocessing = 0;
			shellPath = /bin/sh;
			shellScript = "diff \"${PODS_ROOT}/../Podfile.lock\" \"${PODS_ROOT}/Manifest.lock\" > /dev/null\nif [[ $? != 0 ]] ; then\n    cat << EOM\nerror: The sandbox is not in sync with the Podfile.lock. Run 'pod install' or update your CocoaPods installation.\nEOM\n    exit 1\nfi\n";
			showEnvVarsInLog = 0;
		};
		E334E1AF0093EF76FCD21A05 /* Copy Pods Resources */ = {
			isa = PBXShellScriptBuildPhase;
			buildActionMask = 2147483647;
			files = (
			);
			inputPaths = (
			);
			name = "Copy Pods Resources";
			outputPaths = (
			);
			runOnlyForDeploymentPostprocessing = 0;
			shellPath = /bin/sh;
			shellScript = "\"${SRCROOT}/Pods/Target Support Files/Pods-Popcorn/Pods-Popcorn-resources.sh\"\n";
			showEnvVarsInLog = 0;
		};
/* End PBXShellScriptBuildPhase section */

/* Begin PBXSourcesBuildPhase section */
		5FE1F7BA1A987EB400394947 /* Sources */ = {
			isa = PBXSourcesBuildPhase;
			buildActionMask = 2147483647;
			files = (
				5F9582AC1A99A6D300144DF6 /* FeedCardView.m in Sources */,
				5F9582A01A9988E200144DF6 /* RequestTableViewController.m in Sources */,
				F8B23F7A1A996C9B00F2CF01 /* EventTableViewController.m in Sources */,
				F8B23F791A996C8D00F2CF01 /* AppDelegate.m in Sources */,
				5F0FFCBF1A99332A005F234F /* MapPin.m in Sources */,
				5F0FFCC41A99488D005F234F /* PinAnnotationView.m in Sources */,
				F8C976931A991A9A00FC2831 /* EventTabBarViewController.m in Sources */,
				5FE1F7C41A987EB400394947 /* main.m in Sources */,
				5F0FFCCF1A9951D5005F234F /* NPKeyboardAvoidanceView.m in Sources */,
				F8C976891A988ADB00FC2831 /* LoginViewController.m in Sources */,
				F8B23F7D1A99726F00F2CF01 /* UpdateComposerViewController.m in Sources */,
				F8C976961A991F5400FC2831 /* FeedTableViewController.m in Sources */,
				5F9582A61A998CF200144DF6 /* RequestTableViewCell.m in Sources */,
				5F0FFCCB1A9951A7005F234F /* GetHelpViewController.m in Sources */,
				5F9582A91A99963B00144DF6 /* NSSadboys2001.m in Sources */,
				5F0FFCBC1A992D9A005F234F /* MapViewController.m in Sources */,
			);
			runOnlyForDeploymentPostprocessing = 0;
		};
		5FE1F7D61A987EB500394947 /* Sources */ = {
			isa = PBXSourcesBuildPhase;
			buildActionMask = 2147483647;
			files = (
				5FE1F7E11A987EB500394947 /* PopcornTests.m in Sources */,
			);
			runOnlyForDeploymentPostprocessing = 0;
		};
/* End PBXSourcesBuildPhase section */

/* Begin PBXTargetDependency section */
		5FE1F7DC1A987EB500394947 /* PBXTargetDependency */ = {
			isa = PBXTargetDependency;
			target = 5FE1F7BD1A987EB400394947 /* Popcorn */;
			targetProxy = 5FE1F7DB1A987EB500394947 /* PBXContainerItemProxy */;
		};
/* End PBXTargetDependency section */

/* Begin XCBuildConfiguration section */
		5FE1F7E21A987EB500394947 /* Debug */ = {
			isa = XCBuildConfiguration;
			buildSettings = {
				ALWAYS_SEARCH_USER_PATHS = NO;
				CLANG_CXX_LANGUAGE_STANDARD = "gnu++0x";
				CLANG_CXX_LIBRARY = "libc++";
				CLANG_ENABLE_MODULES = YES;
				CLANG_ENABLE_OBJC_ARC = YES;
				CLANG_WARN_BOOL_CONVERSION = YES;
				CLANG_WARN_CONSTANT_CONVERSION = YES;
				CLANG_WARN_DIRECT_OBJC_ISA_USAGE = YES_ERROR;
				CLANG_WARN_EMPTY_BODY = YES;
				CLANG_WARN_ENUM_CONVERSION = YES;
				CLANG_WARN_INT_CONVERSION = YES;
				CLANG_WARN_OBJC_ROOT_CLASS = YES_ERROR;
				CLANG_WARN_UNREACHABLE_CODE = YES;
				CLANG_WARN__DUPLICATE_METHOD_MATCH = YES;
				"CODE_SIGN_IDENTITY[sdk=iphoneos*]" = "iPhone Developer";
				COPY_PHASE_STRIP = NO;
				ENABLE_STRICT_OBJC_MSGSEND = YES;
				GCC_C_LANGUAGE_STANDARD = gnu99;
				GCC_DYNAMIC_NO_PIC = NO;
				GCC_OPTIMIZATION_LEVEL = 0;
				GCC_PREPROCESSOR_DEFINITIONS = (
					"DEBUG=1",
					"$(inherited)",
				);
				GCC_SYMBOLS_PRIVATE_EXTERN = NO;
				GCC_WARN_64_TO_32_BIT_CONVERSION = YES;
				GCC_WARN_ABOUT_RETURN_TYPE = YES_ERROR;
				GCC_WARN_UNDECLARED_SELECTOR = YES;
				GCC_WARN_UNINITIALIZED_AUTOS = YES_AGGRESSIVE;
				GCC_WARN_UNUSED_FUNCTION = YES;
				GCC_WARN_UNUSED_VARIABLE = YES;
				IPHONEOS_DEPLOYMENT_TARGET = 8.1;
				MTL_ENABLE_DEBUG_INFO = YES;
				ONLY_ACTIVE_ARCH = YES;
				SDKROOT = iphoneos;
			};
			name = Debug;
		};
		5FE1F7E31A987EB500394947 /* Release */ = {
			isa = XCBuildConfiguration;
			buildSettings = {
				ALWAYS_SEARCH_USER_PATHS = NO;
				CLANG_CXX_LANGUAGE_STANDARD = "gnu++0x";
				CLANG_CXX_LIBRARY = "libc++";
				CLANG_ENABLE_MODULES = YES;
				CLANG_ENABLE_OBJC_ARC = YES;
				CLANG_WARN_BOOL_CONVERSION = YES;
				CLANG_WARN_CONSTANT_CONVERSION = YES;
				CLANG_WARN_DIRECT_OBJC_ISA_USAGE = YES_ERROR;
				CLANG_WARN_EMPTY_BODY = YES;
				CLANG_WARN_ENUM_CONVERSION = YES;
				CLANG_WARN_INT_CONVERSION = YES;
				CLANG_WARN_OBJC_ROOT_CLASS = YES_ERROR;
				CLANG_WARN_UNREACHABLE_CODE = YES;
				CLANG_WARN__DUPLICATE_METHOD_MATCH = YES;
				"CODE_SIGN_IDENTITY[sdk=iphoneos*]" = "iPhone Developer";
				COPY_PHASE_STRIP = YES;
				ENABLE_NS_ASSERTIONS = NO;
				ENABLE_STRICT_OBJC_MSGSEND = YES;
				GCC_C_LANGUAGE_STANDARD = gnu99;
				GCC_WARN_64_TO_32_BIT_CONVERSION = YES;
				GCC_WARN_ABOUT_RETURN_TYPE = YES_ERROR;
				GCC_WARN_UNDECLARED_SELECTOR = YES;
				GCC_WARN_UNINITIALIZED_AUTOS = YES_AGGRESSIVE;
				GCC_WARN_UNUSED_FUNCTION = YES;
				GCC_WARN_UNUSED_VARIABLE = YES;
				IPHONEOS_DEPLOYMENT_TARGET = 8.1;
				MTL_ENABLE_DEBUG_INFO = NO;
				SDKROOT = iphoneos;
				VALIDATE_PRODUCT = YES;
			};
			name = Release;
		};
		5FE1F7E51A987EB500394947 /* Debug */ = {
			isa = XCBuildConfiguration;
			baseConfigurationReference = 2D2EBBB7CE2E552F35977987 /* Pods-Popcorn.debug.xcconfig */;
			buildSettings = {
				ASSETCATALOG_COMPILER_APPICON_NAME = AppIcon;
				INFOPLIST_FILE = Popcorn/Info.plist;
				LD_RUNPATH_SEARCH_PATHS = "$(inherited) @executable_path/Frameworks";
				PRODUCT_NAME = "$(TARGET_NAME)";
			};
			name = Debug;
		};
		5FE1F7E61A987EB500394947 /* Release */ = {
			isa = XCBuildConfiguration;
			baseConfigurationReference = 77C589BCFF9B088870F68790 /* Pods-Popcorn.release.xcconfig */;
			buildSettings = {
				ASSETCATALOG_COMPILER_APPICON_NAME = AppIcon;
				INFOPLIST_FILE = Popcorn/Info.plist;
				LD_RUNPATH_SEARCH_PATHS = "$(inherited) @executable_path/Frameworks";
				PRODUCT_NAME = "$(TARGET_NAME)";
			};
			name = Release;
		};
		5FE1F7E81A987EB500394947 /* Debug */ = {
			isa = XCBuildConfiguration;
			buildSettings = {
				BUNDLE_LOADER = "$(TEST_HOST)";
				FRAMEWORK_SEARCH_PATHS = (
					"$(SDKROOT)/Developer/Library/Frameworks",
					"$(inherited)",
				);
				GCC_PREPROCESSOR_DEFINITIONS = (
					"DEBUG=1",
					"$(inherited)",
				);
				INFOPLIST_FILE = PopcornTests/Info.plist;
				LD_RUNPATH_SEARCH_PATHS = "$(inherited) @executable_path/Frameworks @loader_path/Frameworks";
				PRODUCT_NAME = "$(TARGET_NAME)";
				TEST_HOST = "$(BUILT_PRODUCTS_DIR)/Popcorn.app/Popcorn";
			};
			name = Debug;
		};
		5FE1F7E91A987EB500394947 /* Release */ = {
			isa = XCBuildConfiguration;
			buildSettings = {
				BUNDLE_LOADER = "$(TEST_HOST)";
				FRAMEWORK_SEARCH_PATHS = (
					"$(SDKROOT)/Developer/Library/Frameworks",
					"$(inherited)",
				);
				INFOPLIST_FILE = PopcornTests/Info.plist;
				LD_RUNPATH_SEARCH_PATHS = "$(inherited) @executable_path/Frameworks @loader_path/Frameworks";
				PRODUCT_NAME = "$(TARGET_NAME)";
				TEST_HOST = "$(BUILT_PRODUCTS_DIR)/Popcorn.app/Popcorn";
			};
			name = Release;
		};
/* End XCBuildConfiguration section */

/* Begin XCConfigurationList section */
		5FE1F7B91A987EB400394947 /* Build configuration list for PBXProject "Popcorn" */ = {
			isa = XCConfigurationList;
			buildConfigurations = (
				5FE1F7E21A987EB500394947 /* Debug */,
				5FE1F7E31A987EB500394947 /* Release */,
			);
			defaultConfigurationIsVisible = 0;
			defaultConfigurationName = Release;
		};
		5FE1F7E41A987EB500394947 /* Build configuration list for PBXNativeTarget "Popcorn" */ = {
			isa = XCConfigurationList;
			buildConfigurations = (
				5FE1F7E51A987EB500394947 /* Debug */,
				5FE1F7E61A987EB500394947 /* Release */,
			);
			defaultConfigurationIsVisible = 0;
			defaultConfigurationName = Release;
		};
		5FE1F7E71A987EB500394947 /* Build configuration list for PBXNativeTarget "PopcornTests" */ = {
			isa = XCConfigurationList;
			buildConfigurations = (
				5FE1F7E81A987EB500394947 /* Debug */,
				5FE1F7E91A987EB500394947 /* Release */,
			);
			defaultConfigurationIsVisible = 0;
			defaultConfigurationName = Release;
		};
/* End XCConfigurationList section */
	};
	rootObject = 5FE1F7B61A987EB400394947 /* Project object */;
}
